
Microsoft Visual Studio Solution File, Format Version 12.00
# Visual Studio Version 17
VisualStudioVersion = 17.8.34511.84
MinimumVisualStudioVersion = 10.0.40219.1
Project("{FAE04EC0-301F-11D3-BF4B-00C04F79EFBC}") = "MusicFestival", "MusicFestival.csproj", "{64DC7BF6-5F69-4BFC-BB0C-7982B8519043}"
EndProject
Project("{FAE04EC0-301F-11D3-BF4B-00C04F79EFBC}") = "UnitTestProject", "..\UnitTestProject\UnitTestProject.csproj", "{DD345863-E470-4143-B4FC-D66C7A8032C7}"
EndProject
Project("{2150E333-8FDC-42A3-9474-1A3956D46DE8}") = "Элементы решения", "Элементы решения", "{FF27BC41-AF79-4441-B500-B456F636FDEB}"
	ProjectSection(SolutionItems) = preProject
		..\..\..\OneDrive\Рабочий стол\Icons\add.png = ..\..\..\OneDrive\Рабочий стол\Icons\add.png
		arrow_back.png = arrow_back.png
		..\..\..\OneDrive\Рабочий стол\Icons\artist.png = ..\..\..\OneDrive\Рабочий стол\Icons\artist.png
		..\..\..\OneDrive\Рабочий стол\Icons\clients.png = ..\..\..\OneDrive\Рабочий стол\Icons\clients.png
		..\..\..\OneDrive\Рабочий стол\Icons\delete.png = ..\..\..\OneDrive\Рабочий стол\Icons\delete.png
		..\..\..\OneDrive\Рабочий стол\Icons\festival.png = ..\..\..\OneDrive\Рабочий стол\Icons\festival.png
		..\..\..\OneDrive\Рабочий стол\Icons\genres.png = ..\..\..\OneDrive\Рабочий стол\Icons\genres.png
		..\..\..\OneDrive\Рабочий стол\Icons\jobTitle.png = ..\..\..\OneDrive\Рабочий стол\Icons\jobTitle.png
		..\..\..\OneDrive\Рабочий стол\Icons\lyrics.png = ..\..\..\OneDrive\Рабочий стол\Icons\lyrics.png
		..\..\..\OneDrive\Рабочий стол\Icons\music_note.png = ..\..\..\OneDrive\Рабочий стол\Icons\music_note.png
		..\..\..\OneDrive\Рабочий стол\Icons\namePlace.png = ..\..\..\OneDrive\Рабочий стол\Icons\namePlace.png
		..\..\..\OneDrive\Рабочий стол\Icons\orders.png = ..\..\..\OneDrive\Рабочий стол\Icons\orders.png
		..\..\..\OneDrive\Рабочий стол\Icons\perfom.png = ..\..\..\OneDrive\Рабочий стол\Icons\perfom.png
		..\..\..\OneDrive\Рабочий стол\Icons\place.png = ..\..\..\OneDrive\Рабочий стол\Icons\place.png
		..\..\..\OneDrive\Рабочий стол\Icons\podium.png = ..\..\..\OneDrive\Рабочий стол\Icons\podium.png
		..\..\..\OneDrive\Рабочий стол\Icons\role.png = ..\..\..\OneDrive\Рабочий стол\Icons\role.png
		..\..\..\OneDrive\Рабочий стол\Icons\staff.png = ..\..\..\OneDrive\Рабочий стол\Icons\staff.png
		..\..\..\OneDrive\Рабочий стол\Icons\ticket.png = ..\..\..\OneDrive\Рабочий стол\Icons\ticket.png
		..\..\..\OneDrive\Рабочий стол\Icons\type.png = ..\..\..\OneDrive\Рабочий стол\Icons\type.png
	EndProjectSection
EndProject
Global
	GlobalSection(SolutionConfigurationPlatforms) = preSolution
		Debug|Any CPU = Debug|Any CPU
		Release|Any CPU = Release|Any CPU
	EndGlobalSection
	GlobalSection(ProjectConfigurationPlatforms) = postSolution
		{64DC7BF6-5F69-4BFC-BB0C-7982B8519043}.Debug|Any CPU.ActiveCfg = Debug|Any CPU
		{64DC7BF6-5F69-4BFC-BB0C-7982B8519043}.Debug|Any CPU.Build.0 = Debug|Any CPU
		{64DC7BF6-5F69-4BFC-BB0C-7982B8519043}.Release|Any CPU.ActiveCfg = Release|Any CPU
		{64DC7BF6-5F69-4BFC-BB0C-7982B8519043}.Release|Any CPU.Build.0 = Release|Any CPU
		{DD345863-E470-4143-B4FC-D66C7A8032C7}.Debug|Any CPU.ActiveCfg = Debug|Any CPU
		{DD345863-E470-4143-B4FC-D66C7A8032C7}.Debug|Any CPU.Build.0 = Debug|Any CPU
		{DD345863-E470-4143-B4FC-D66C7A8032C7}.Release|Any CPU.ActiveCfg = Release|Any CPU
		{DD345863-E470-4143-B4FC-D66C7A8032C7}.Release|Any CPU.Build.0 = Release|Any CPU
	EndGlobalSection
	GlobalSection(SolutionProperties) = preSolution
		HideSolutionNode = FALSE
	EndGlobalSection
	GlobalSection(ExtensibilityGlobals) = postSolution
		SolutionGuid = {BF5D4A33-A3F7-479B-81D5-252BBCC28973}
	EndGlobalSection
EndGlobal
